
Microsoft Visual Studio Solution File, Format Version 12.00
# Visual Studio 15
Project("{FAE04EC0-301F-11D3-BF4B-00C04F79EFBC}") = "Assembly-CSharp", "Assembly-CSharp.csproj", "{F98D1BF7-1716-C611-22D6-AFD3B598A32F}"
EndProject
Project("{FAE04EC0-301F-11D3-BF4B-00C04F79EFBC}") = "Assembly-CSharp-Editor", "Assembly-CSharp-Editor.csproj", "{91FC6AC5-7877-B149-C16F-31F67A2A5CCB}"
EndProject
Project("{FAE04EC0-301F-11D3-BF4B-00C04F79EFBC}") = "MobileDependencyResolverLP.Installer.Editor", "MobileDependencyResolverLP.Installer.Editor.csproj", "{F58F161C-29C1-488E-5525-DCB6110D9AF6}"
EndProject
Global
	GlobalSection(SolutionConfigurationPlatforms) = preSolution
		Debug|Any CPU = Debug|Any CPU
		Release|Any CPU = Release|Any CPU
	EndGlobalSection
	GlobalSection(ProjectConfigurationPlatforms) = postSolution
		{F98D1BF7-1716-C611-22D6-AFD3B598A32F}.Debug|Any CPU.ActiveCfg = Debug|Any CPU
		{F98D1BF7-1716-C611-22D6-AFD3B598A32F}.Debug|Any CPU.Build.0 = Debug|Any CPU
		{F98D1BF7-1716-C611-22D6-AFD3B598A32F}.Release|Any CPU.ActiveCfg = Release|Any CPU
		{F98D1BF7-1716-C611-22D6-AFD3B598A32F}.Release|Any CPU.Build.0 = Release|Any CPU
		{91FC6AC5-7877-B149-C16F-31F67A2A5CCB}.Debug|Any CPU.ActiveCfg = Debug|Any CPU
		{91FC6AC5-7877-B149-C16F-31F67A2A5CCB}.Debug|Any CPU.Build.0 = Debug|Any CPU
		{91FC6AC5-7877-B149-C16F-31F67A2A5CCB}.Release|Any CPU.ActiveCfg = Release|Any CPU
		{91FC6AC5-7877-B149-C16F-31F67A2A5CCB}.Release|Any CPU.Build.0 = Release|Any CPU
		{F58F161C-29C1-488E-5525-DCB6110D9AF6}.Debug|Any CPU.ActiveCfg = Debug|Any CPU
		{F58F161C-29C1-488E-5525-DCB6110D9AF6}.Debug|Any CPU.Build.0 = Debug|Any CPU
		{F58F161C-29C1-488E-5525-DCB6110D9AF6}.Release|Any CPU.ActiveCfg = Release|Any CPU
		{F58F161C-29C1-488E-5525-DCB6110D9AF6}.Release|Any CPU.Build.0 = Release|Any CPU
	EndGlobalSection
	GlobalSection(SolutionProperties) = preSolution
		HideSolutionNode = FALSE
	EndGlobalSection
EndGlobal
